[[package]]
name = "networkx"
version = "2.7.1"
description = "Python package for creating and manipulating graphs and networks"
category = "main"
optional = false
python-versions = ">=3.8"

[package.extras]
default = ["numpy (>=1.19)", "scipy (>=1.8)", "matplotlib (>=3.4)", "pandas (>=1.3)"]
developer = ["black (==22.1)", "pyupgrade (>=2.31)", "pre-commit (>=2.17)", "mypy (>=0.931)"]
doc = ["sphinx (>=4.4)", "pydata-sphinx-theme (>=0.8)", "sphinx-gallery (>=0.10)", "numpydoc (>=1.2)", "pillow (>=9.0)", "nb2plots (>=0.6)", "texext (>=0.6.6)"]
extra = ["lxml (>=4.6)", "pygraphviz (>=1.9)", "pydot (>=1.4.2)"]
test = ["pytest (>=7.0)", "pytest-cov (>=3.0)", "codecov (>=2.1)"]

[metadata]
lock-version = "1.1"
python-versions = ">=3.8,<3.10"
content-hash = "6a3b5a36fb39e40b44604be6dd7fff63f6ebb1ec9aa506e56b8c88035a2e0ee3"

[metadata.files]
networkx = [
    {file = "networkx-2.7.1-py3-none-any.whl", hash = "sha256:011e85d277c89681e8fa661cf5ff0743443445049b0b68789ad55ef09340c6e0"},
    {file = "networkx-2.7.1.tar.gz", hash = "sha256:d1194ba753e5eed07cdecd1d23c5cd7a3c772099bd8dbd2fea366788cf4de7ba"},
]
